# @generated - this file is auto-generated by `mise lock` https://mise.jdx.dev/dev-tools/mise-lock.html

[[tools.node]]
version = "26.2.0"
backend = "core:node"

[tools.node."platforms.linux-arm64"]
checksum = "sha256:bf52461d25017479cdc549642c4e7a2303ac5c5395d7c3d026d5d8b3fa283c05"
url = "https://nodejs.org/dist/v26.2.0/node-v26.2.0-linux-arm64.tar.gz"

[tools.node."platforms.linux-arm64-musl"]
checksum = "sha256:bf52461d25017479cdc549642c4e7a2303ac5c5395d7c3d026d5d8b3fa283c05"
url = "https://nodejs.org/dist/v26.2.0/node-v26.2.0-linux-arm64.tar.gz"

[tools.node."platforms.linux-x64"]
checksum = "sha256:8e5b4b969bb2414aca2ff84d2b99608511aedca32bf8a8427e6187dbdd703bbe"
url = "https://nodejs.org/dist/v26.2.0/node-v26.2.0-linux-x64.tar.gz"

[tools.node."platforms.linux-x64-musl"]
checksum = "sha256:8e5b4b969bb2414aca2ff84d2b99608511aedca32bf8a8427e6187dbdd703bbe"
url = "https://nodejs.org/dist/v26.2.0/node-v26.2.0-linux-x64.tar.gz"

[tools.node."platforms.macos-arm64"]
checksum = "sha256:2d8575b6a749c0bc66cc6ecd22a952f7d9bbf3b0ea76fcb0ed3ce858018afff7"
url = "https://nodejs.org/dist/v26.2.0/node-v26.2.0-darwin-arm64.tar.gz"

[tools.node."platforms.macos-x64"]
checksum = "sha256:26a5480d0dd952be86beae83e6636dacd7a3ffd17ef51d0b26bc9b260f2b42e9"
url = "https://nodejs.org/dist/v26.2.0/node-v26.2.0-darwin-x64.tar.gz"

[tools.node."platforms.windows-x64"]
checksum = "sha256:371071a4f7e2c8a5dd280730049c685911feecc59f50ebc488d675dc1087c69c"
url = "https://nodejs.org/dist/v26.2.0/node-v26.2.0-win-x64.zip"

[[tools."npm:@fission-ai/openspec"]]
version = "1.3.1"
backend = "npm:@fission-ai/openspec"
